
Microsoft Visual Studio Solution File, Format Version 12.00
# Visual Studio 14
VisualStudioVersion = 14.0.23107.0
MinimumVisualStudioVersion = 10.0.40219.1
Project("{FAE04EC0-301F-11D3-BF4B-00C04F79EFBC}") = "ListOfEmployees.Domain", "ListOfEmployees.Domain\ListOfEmployees.Domain.csproj", "{4C90DBD2-EB97-4685-B9FC-D6082F4095DC}"
EndProject
Project("{FAE04EC0-301F-11D3-BF4B-00C04F79EFBC}") = "ListOfEmployees.UnitTests", "ListOfEmployees.UnitTests\ListOfEmployees.UnitTests.csproj", "{3DADA85B-18C9-494B-A4BF-5B63F2063B50}"
EndProject
Project("{FAE04EC0-301F-11D3-BF4B-00C04F79EFBC}") = "ListOfEmployees.WebUI", "ListOfEmployees.WebUI\ListOfEmployees.WebUI.csproj", "{526C0224-EDE0-43EB-857A-B52D580AEEA2}"
EndProject
Global
	GlobalSection(SolutionConfigurationPlatforms) = preSolution
		Debug|Any CPU = Debug|Any CPU
		Release|Any CPU = Release|Any CPU
	EndGlobalSection
	GlobalSection(ProjectConfigurationPlatforms) = postSolution
		{4C90DBD2-EB97-4685-B9FC-D6082F4095DC}.Debug|Any CPU.ActiveCfg = Debug|Any CPU
		{4C90DBD2-EB97-4685-B9FC-D6082F4095DC}.Debug|Any CPU.Build.0 = Debug|Any CPU
		{4C90DBD2-EB97-4685-B9FC-D6082F4095DC}.Release|Any CPU.ActiveCfg = Release|Any CPU
		{4C90DBD2-EB97-4685-B9FC-D6082F4095DC}.Release|Any CPU.Build.0 = Release|Any CPU
		{3DADA85B-18C9-494B-A4BF-5B63F2063B50}.Debug|Any CPU.ActiveCfg = Debug|Any CPU
		{3DADA85B-18C9-494B-A4BF-5B63F2063B50}.Debug|Any CPU.Build.0 = Debug|Any CPU
		{3DADA85B-18C9-494B-A4BF-5B63F2063B50}.Release|Any CPU.ActiveCfg = Release|Any CPU
		{3DADA85B-18C9-494B-A4BF-5B63F2063B50}.Release|Any CPU.Build.0 = Release|Any CPU
		{526C0224-EDE0-43EB-857A-B52D580AEEA2}.Debug|Any CPU.ActiveCfg = Debug|Any CPU
		{526C0224-EDE0-43EB-857A-B52D580AEEA2}.Debug|Any CPU.Build.0 = Debug|Any CPU
		{526C0224-EDE0-43EB-857A-B52D580AEEA2}.Release|Any CPU.ActiveCfg = Release|Any CPU
		{526C0224-EDE0-43EB-857A-B52D580AEEA2}.Release|Any CPU.Build.0 = Release|Any CPU
	EndGlobalSection
	GlobalSection(SolutionProperties) = preSolution
		HideSolutionNode = FALSE
	EndGlobalSection
EndGlobal
